
Microsoft Visual Studio Solution File, Format Version 12.00
# Visual Studio Version 16
VisualStudioVersion = 16.0.29326.143
MinimumVisualStudioVersion = 10.0.40219.1
Project("{FAE04EC0-301F-11D3-BF4B-00C04F79EFBC}") = "Accordion.UWP", "Accordion\Accordion.UWP\Accordion.UWP.csproj", "{4E759F0A-F4D5-474D-BB21-B542EC16EAB5}"
EndProject
Project("{FAE04EC0-301F-11D3-BF4B-00C04F79EFBC}") = "Accordion.Android", "Accordion\Accordion.Android\Accordion.Android.csproj", "{89D7C5F6-E7BF-4466-B284-452C9B171977}"
EndProject
Project("{FAE04EC0-301F-11D3-BF4B-00C04F79EFBC}") = "Accordion.iOS", "Accordion\Accordion.iOS\Accordion.iOS.csproj", "{51E0B65E-DF47-4904-9F37-4CA6B69FEDC3}"
EndProject
Project("{FAE04EC0-301F-11D3-BF4B-00C04F79EFBC}") = "Accordion", "Accordion\Accordion\Accordion.csproj", "{553DC57E-7E24-4DCA-A172-F1CC5D85C6DF}"
EndProject
Global
	GlobalSection(SolutionConfigurationPlatforms) = preSolution
		Debug|Any CPU = Debug|Any CPU
		Debug|ARM = Debug|ARM
		Debug|iPhone = Debug|iPhone
		Debug|iPhoneSimulator = Debug|iPhoneSimulator
		Debug|x64 = Debug|x64
		Debug|x86 = Debug|x86
		Release|Any CPU = Release|Any CPU
		Release|ARM = Release|ARM
		Release|iPhone = Release|iPhone
		Release|iPhoneSimulator = Release|iPhoneSimulator
		Release|x64 = Release|x64
		Release|x86 = Release|x86
	EndGlobalSection
	GlobalSection(ProjectConfigurationPlatforms) = postSolution
		{4E759F0A-F4D5-474D-BB21-B542EC16EAB5}.Debug|Any CPU.ActiveCfg = Debug|x86
		{4E759F0A-F4D5-474D-BB21-B542EC16EAB5}.Debug|Any CPU.Build.0 = Debug|x86
		{4E759F0A-F4D5-474D-BB21-B542EC16EAB5}.Debug|Any CPU.Deploy.0 = Debug|x86
		{4E759F0A-F4D5-474D-BB21-B542EC16EAB5}.Debug|ARM.ActiveCfg = Debug|ARM
		{4E759F0A-F4D5-474D-BB21-B542EC16EAB5}.Debug|ARM.Build.0 = Debug|ARM
		{4E759F0A-F4D5-474D-BB21-B542EC16EAB5}.Debug|ARM.Deploy.0 = Debug|ARM
		{4E759F0A-F4D5-474D-BB21-B542EC16EAB5}.Debug|iPhone.ActiveCfg = Debug|x86
		{4E759F0A-F4D5-474D-BB21-B542EC16EAB5}.Debug|iPhone.Build.0 = Debug|x86
		{4E759F0A-F4D5-474D-BB21-B542EC16EAB5}.Debug|iPhone.Deploy.0 = Debug|x86
		{4E759F0A-F4D5-474D-BB21-B542EC16EAB5}.Debug|iPhoneSimulator.ActiveCfg = Debug|x86
		{4E759F0A-F4D5-474D-BB21-B542EC16EAB5}.Debug|iPhoneSimulator.Build.0 = Debug|x86
		{4E759F0A-F4D5-474D-BB21-B542EC16EAB5}.Debug|iPhoneSimulator.Deploy.0 = Debug|x86
		{4E759F0A-F4D5-474D-BB21-B542EC16EAB5}.Debug|x64.ActiveCfg = Debug|x64
		{4E759F0A-F4D5-474D-BB21-B542EC16EAB5}.Debug|x64.Build.0 = Debug|x64
		{4E759F0A-F4D5-474D-BB21-B542EC16EAB5}.Debug|x64.Deploy.0 = Debug|x64
		{4E759F0A-F4D5-474D-BB21-B542EC16EAB5}.Debug|x86.ActiveCfg = Debug|x86
		{4E759F0A-F4D5-474D-BB21-B542EC16EAB5}.Debug|x86.Build.0 = Debug|x86
		{4E759F0A-F4D5-474D-BB21-B542EC16EAB5}.Debug|x86.Deploy.0 = Debug|x86
		{4E759F0A-F4D5-474D-BB21-B542EC16EAB5}.Release|Any CPU.ActiveCfg = Release|x86
		{4E759F0A-F4D5-474D-BB21-B542EC16EAB5}.Release|Any CPU.Build.0 = Release|x86
		{4E759F0A-F4D5-474D-BB21-B542EC16EAB5}.Release|Any CPU.Deploy.0 = Release|x86
		{4E759F0A-F4D5-474D-BB21-B542EC16EAB5}.Release|ARM.ActiveCfg = Release|ARM
		{4E759F0A-F4D5-474D-BB21-B542EC16EAB5}.Release|ARM.Build.0 = Release|ARM
		{4E759F0A-F4D5-474D-BB21-B542EC16EAB5}.Release|ARM.Deploy.0 = Release|ARM
		{4E759F0A-F4D5-474D-BB21-B542EC16EAB5}.Release|iPhone.ActiveCfg = Release|x86
		{4E759F0A-F4D5-474D-BB21-B542EC16EAB5}.Release|iPhone.Build.0 = Release|x86
		{4E759F0A-F4D5-474D-BB21-B542EC16EAB5}.Release|iPhone.Deploy.0 = Release|x86
		{4E759F0A-F4D5-474D-BB21-B542EC16EAB5}.Release|iPhoneSimulator.ActiveCfg = Release|x86
		{4E759F0A-F4D5-474D-BB21-B542EC16EAB5}.Release|iPhoneSimulator.Build.0 = Release|x86
		{4E759F0A-F4D5-474D-BB21-B542EC16EAB5}.Release|iPhoneSimulator.Deploy.0 = Release|x86
		{4E759F0A-F4D5-474D-BB21-B542EC16EAB5}.Release|x64.ActiveCfg = Release|x64
		{4E759F0A-F4D5-474D-BB21-B542EC16EAB5}.Release|x64.Build.0 = Release|x64
		{4E759F0A-F4D5-474D-BB21-B542EC16EAB5}.Release|x64.Deploy.0 = Release|x64
		{4E759F0A-F4D5-474D-BB21-B542EC16EAB5}.Release|x86.ActiveCfg = Release|x86
		{4E759F0A-F4D5-474D-BB21-B542EC16EAB5}.Release|x86.Build.0 = Release|x86
		{4E759F0A-F4D5-474D-BB21-B542EC16EAB5}.Release|x86.Deploy.0 = Release|x86
		{89D7C5F6-E7BF-4466-B284-452C9B171977}.Debug|Any CPU.ActiveCfg = Debug|Any CPU
		{89D7C5F6-E7BF-4466-B284-452C9B171977}.Debug|Any CPU.Build.0 = Debug|Any CPU
		{89D7C5F6-E7BF-4466-B284-452C9B171977}.Debug|Any CPU.Deploy.0 = Debug|Any CPU
		{89D7C5F6-E7BF-4466-B284-452C9B171977}.Debug|ARM.ActiveCfg = Debug|Any CPU
		{89D7C5F6-E7BF-4466-B284-452C9B171977}.Debug|ARM.Build.0 = Debug|Any CPU
		{89D7C5F6-E7BF-4466-B284-452C9B171977}.Debug|ARM.Deploy.0 = Debug|Any CPU
		{89D7C5F6-E7BF-4466-B284-452C9B171977}.Debug|iPhone.ActiveCfg = Debug|Any CPU
		{89D7C5F6-E7BF-4466-B284-452C9B171977}.Debug|iPhone.Build.0 = Debug|Any CPU
		{89D7C5F6-E7BF-4466-B284-452C9B171977}.Debug|iPhone.Deploy.0 = Debug|Any CPU
		{89D7C5F6-E7BF-4466-B284-452C9B171977}.Debug|iPhoneSimulator.ActiveCfg = Debug|Any CPU
		{89D7C5F6-E7BF-4466-B284-452C9B171977}.Debug|iPhoneSimulator.Build.0 = Debug|Any CPU
		{89D7C5F6-E7BF-4466-B284-452C9B171977}.Debug|iPhoneSimulator.Deploy.0 = Debug|Any CPU
		{89D7C5F6-E7BF-4466-B284-452C9B171977}.Debug|x64.ActiveCfg = Debug|Any CPU
		{89D7C5F6-E7BF-4466-B284-452C9B171977}.Debug|x64.Build.0 = Debug|Any CPU
		{89D7C5F6-E7BF-4466-B284-452C9B171977}.Debug|x64.Deploy.0 = Debug|Any CPU
		{89D7C5F6-E7BF-4466-B284-452C9B171977}.Debug|x86.ActiveCfg = Debug|Any CPU
		{89D7C5F6-E7BF-4466-B284-452C9B171977}.Debug|x86.Build.0 = Debug|Any CPU
		{89D7C5F6-E7BF-4466-B284-452C9B171977}.Debug|x86.Deploy.0 = Debug|Any CPU
		{89D7C5F6-E7BF-4466-B284-452C9B171977}.Release|Any CPU.ActiveCfg = Release|Any CPU
		{89D7C5F6-E7BF-4466-B284-452C9B171977}.Release|Any CPU.Build.0 = Release|Any CPU
		{89D7C5F6-E7BF-4466-B284-452C9B171977}.Release|Any CPU.Deploy.0 = Release|Any CPU
		{89D7C5F6-E7BF-4466-B284-452C9B171977}.Release|ARM.ActiveCfg = Release|Any CPU
		{89D7C5F6-E7BF-4466-B284-452C9B171977}.Release|ARM.Build.0 = Release|Any CPU
		{89D7C5F6-E7BF-4466-B284-452C9B171977}.Release|ARM.Deploy.0 = Release|Any CPU
		{89D7C5F6-E7BF-4466-B284-452C9B171977}.Release|iPhone.ActiveCfg = Release|Any CPU
		{89D7C5F6-E7BF-4466-B284-452C9B171977}.Release|iPhone.Build.0 = Release|Any CPU
		{89D7C5F6-E7BF-4466-B284-452C9B171977}.Release|iPhone.Deploy.0 = Release|Any CPU
		{89D7C5F6-E7BF-4466-B284-452C9B171977}.Release|iPhoneSimulator.ActiveCfg = Release|Any CPU
		{89D7C5F6-E7BF-4466-B284-452C9B171977}.Release|iPhoneSimulator.Build.0 = Release|Any CPU
		{89D7C5F6-E7BF-4466-B284-452C9B171977}.Release|iPhoneSimulator.Deploy.0 = Release|Any CPU
		{89D7C5F6-E7BF-4466-B284-452C9B171977}.Release|x64.ActiveCfg = Release|Any CPU
		{89D7C5F6-E7BF-4466-B284-452C9B171977}.Release|x64.Build.0 = Release|Any CPU
		{89D7C5F6-E7BF-4466-B284-452C9B171977}.Release|x64.Deploy.0 = Release|Any CPU
		{89D7C5F6-E7BF-4466-B284-452C9B171977}.Release|x86.ActiveCfg = Release|Any CPU
		{89D7C5F6-E7BF-4466-B284-452C9B171977}.Release|x86.Build.0 = Release|Any CPU
		{89D7C5F6-E7BF-4466-B284-452C9B171977}.Release|x86.Deploy.0 = Release|Any CPU
		{51E0B65E-DF47-4904-9F37-4CA6B69FEDC3}.Debug|Any CPU.ActiveCfg = Debug|iPhone
		{51E0B65E-DF47-4904-9F37-4CA6B69FEDC3}.Debug|Any CPU.Build.0 = Debug|iPhone
		{51E0B65E-DF47-4904-9F37-4CA6B69FEDC3}.Debug|Any CPU.Deploy.0 = Debug|iPhone
		{51E0B65E-DF47-4904-9F37-4CA6B69FEDC3}.Debug|ARM.ActiveCfg = Debug|iPhoneSimulator
		{51E0B65E-DF47-4904-9F37-4CA6B69FEDC3}.Debug|ARM.Build.0 = Debug|iPhoneSimulator
		{51E0B65E-DF47-4904-9F37-4CA6B69FEDC3}.Debug|ARM.Deploy.0 = Debug|iPhoneSimulator
		{51E0B65E-DF47-4904-9F37-4CA6B69FEDC3}.Debug|iPhone.ActiveCfg = Debug|iPhone
		{51E0B65E-DF47-4904-9F37-4CA6B69FEDC3}.Debug|iPhone.Build.0 = Debug|iPhone
		{51E0B65E-DF47-4904-9F37-4CA6B69FEDC3}.Debug|iPhone.Deploy.0 = Debug|iPhone
		{51E0B65E-DF47-4904-9F37-4CA6B69FEDC3}.Debug|iPhoneSimulator.ActiveCfg = Debug|iPhoneSimulator
		{51E0B65E-DF47-4904-9F37-4CA6B69FEDC3}.Debug|iPhoneSimulator.Build.0 = Debug|iPhoneSimulator
		{51E0B65E-DF47-4904-9F37-4CA6B69FEDC3}.Debug|iPhoneSimulator.Deploy.0 = Debug|iPhoneSimulator
		{51E0B65E-DF47-4904-9F37-4CA6B69FEDC3}.Debug|x64.ActiveCfg = Debug|iPhone
		{51E0B65E-DF47-4904-9F37-4CA6B69FEDC3}.Debug|x64.Build.0 = Debug|iPhone
		{51E0B65E-DF47-4904-9F37-4CA6B69FEDC3}.Debug|x64.Deploy.0 = Debug|iPhone
		{51E0B65E-DF47-4904-9F37-4CA6B69FEDC3}.Debug|x86.ActiveCfg = Debug|iPhone
		{51E0B65E-DF47-4904-9F37-4CA6B69FEDC3}.Debug|x86.Build.0 = Debug|iPhone
		{51E0B65E-DF47-4904-9F37-4CA6B69FEDC3}.Debug|x86.Deploy.0 = Debug|iPhone
		{51E0B65E-DF47-4904-9F37-4CA6B69FEDC3}.Release|Any CPU.ActiveCfg = Release|iPhone
		{51E0B65E-DF47-4904-9F37-4CA6B69FEDC3}.Release|Any CPU.Build.0 = Release|iPhone
		{51E0B65E-DF47-4904-9F37-4CA6B69FEDC3}.Release|Any CPU.Deploy.0 = Release|iPhone
		{51E0B65E-DF47-4904-9F37-4CA6B69FEDC3}.Release|ARM.ActiveCfg = Release|iPhone
		{51E0B65E-DF47-4904-9F37-4CA6B69FEDC3}.Release|ARM.Build.0 = Release|iPhone
		{51E0B65E-DF47-4904-9F37-4CA6B69FEDC3}.Release|ARM.Deploy.0 = Release|iPhone
		{51E0B65E-DF47-4904-9F37-4CA6B69FEDC3}.Release|iPhone.ActiveCfg = Release|iPhone
		{51E0B65E-DF47-4904-9F37-4CA6B69FEDC3}.Release|iPhone.Build.0 = Release|iPhone
		{51E0B65E-DF47-4904-9F37-4CA6B69FEDC3}.Release|iPhone.Deploy.0 = Release|iPhone
		{51E0B65E-DF47-4904-9F37-4CA6B69FEDC3}.Release|iPhoneSimulator.ActiveCfg = Release|iPhoneSimulator
		{51E0B65E-DF47-4904-9F37-4CA6B69FEDC3}.Release|iPhoneSimulator.Build.0 = Release|iPhoneSimulator
		{51E0B65E-DF47-4904-9F37-4CA6B69FEDC3}.Release|iPhoneSimulator.Deploy.0 = Release|iPhoneSimulator
		{51E0B65E-DF47-4904-9F37-4CA6B69FEDC3}.Release|x64.ActiveCfg = Release|iPhone
		{51E0B65E-DF47-4904-9F37-4CA6B69FEDC3}.Release|x64.Build.0 = Release|iPhone
		{51E0B65E-DF47-4904-9F37-4CA6B69FEDC3}.Release|x64.Deploy.0 = Release|iPhone
		{51E0B65E-DF47-4904-9F37-4CA6B69FEDC3}.Release|x86.ActiveCfg = Release|iPhone
		{51E0B65E-DF47-4904-9F37-4CA6B69FEDC3}.Release|x86.Build.0 = Release|iPhone
		{51E0B65E-DF47-4904-9F37-4CA6B69FEDC3}.Release|x86.Deploy.0 = Release|iPhone
		{553DC57E-7E24-4DCA-A172-F1CC5D85C6DF}.Debug|Any CPU.ActiveCfg = Debug|Any CPU
		{553DC57E-7E24-4DCA-A172-F1CC5D85C6DF}.Debug|Any CPU.Build.0 = Debug|Any CPU
		{553DC57E-7E24-4DCA-A172-F1CC5D85C6DF}.Debug|Any CPU.Deploy.0 = Debug|Any CPU
		{553DC57E-7E24-4DCA-A172-F1CC5D85C6DF}.Debug|ARM.ActiveCfg = Debug|Any CPU
		{553DC57E-7E24-4DCA-A172-F1CC5D85C6DF}.Debug|ARM.Build.0 = Debug|Any CPU
		{553DC57E-7E24-4DCA-A172-F1CC5D85C6DF}.Debug|ARM.Deploy.0 = Debug|Any CPU
		{553DC57E-7E24-4DCA-A172-F1CC5D85C6DF}.Debug|iPhone.ActiveCfg = Debug|Any CPU
		{553DC57E-7E24-4DCA-A172-F1CC5D85C6DF}.Debug|iPhone.Build.0 = Debug|Any CPU
		{553DC57E-7E24-4DCA-A172-F1CC5D85C6DF}.Debug|iPhone.Deploy.0 = Debug|Any CPU
		{553DC57E-7E24-4DCA-A172-F1CC5D85C6DF}.Debug|iPhoneSimulator.ActiveCfg = Debug|Any CPU
		{553DC57E-7E24-4DCA-A172-F1CC5D85C6DF}.Debug|iPhoneSimulator.Build.0 = Debug|Any CPU
		{553DC57E-7E24-4DCA-A172-F1CC5D85C6DF}.Debug|iPhoneSimulator.Deploy.0 = Debug|Any CPU
		{553DC57E-7E24-4DCA-A172-F1CC5D85C6DF}.Debug|x64.ActiveCfg = Debug|Any CPU
		{553DC57E-7E24-4DCA-A172-F1CC5D85C6DF}.Debug|x64.Build.0 = Debug|Any CPU
		{553DC57E-7E24-4DCA-A172-F1CC5D85C6DF}.Debug|x64.Deploy.0 = Debug|Any CPU
		{553DC57E-7E24-4DCA-A172-F1CC5D85C6DF}.Debug|x86.ActiveCfg = Debug|Any CPU
		{553DC57E-7E24-4DCA-A172-F1CC5D85C6DF}.Debug|x86.Build.0 = Debug|Any CPU
		{553DC57E-7E24-4DCA-A172-F1CC5D85C6DF}.Debug|x86.Deploy.0 = Debug|Any CPU
		{553DC57E-7E24-4DCA-A172-F1CC5D85C6DF}.Release|Any CPU.ActiveCfg = Release|Any CPU
		{553DC57E-7E24-4DCA-A172-F1CC5D85C6DF}.Release|Any CPU.Build.0 = Release|Any CPU
		{553DC57E-7E24-4DCA-A172-F1CC5D85C6DF}.Release|Any CPU.Deploy.0 = Release|Any CPU
		{553DC57E-7E24-4DCA-A172-F1CC5D85C6DF}.Release|ARM.ActiveCfg = Release|Any CPU
		{553DC57E-7E24-4DCA-A172-F1CC5D85C6DF}.Release|ARM.Build.0 = Release|Any CPU
		{553DC57E-7E24-4DCA-A172-F1CC5D85C6DF}.Release|ARM.Deploy.0 = Release|Any CPU
		{553DC57E-7E24-4DCA-A172-F1CC5D85C6DF}.Release|iPhone.ActiveCfg = Release|Any CPU
		{553DC57E-7E24-4DCA-A172-F1CC5D85C6DF}.Release|iPhone.Build.0 = Release|Any CPU
		{553DC57E-7E24-4DCA-A172-F1CC5D85C6DF}.Release|iPhone.Deploy.0 = Release|Any CPU
		{553DC57E-7E24-4DCA-A172-F1CC5D85C6DF}.Release|iPhoneSimulator.ActiveCfg = Release|Any CPU
		{553DC57E-7E24-4DCA-A172-F1CC5D85C6DF}.Release|iPhoneSimulator.Build.0 = Release|Any CPU
		{553DC57E-7E24-4DCA-A172-F1CC5D85C6DF}.Release|iPhoneSimulator.Deploy.0 = Release|Any CPU
		{553DC57E-7E24-4DCA-A172-F1CC5D85C6DF}.Release|x64.ActiveCfg = Release|Any CPU
		{553DC57E-7E24-4DCA-A172-F1CC5D85C6DF}.Release|x64.Build.0 = Release|Any CPU
		{553DC57E-7E24-4DCA-A172-F1CC5D85C6DF}.Release|x64.Deploy.0 = Release|Any CPU
		{553DC57E-7E24-4DCA-A172-F1CC5D85C6DF}.Release|x86.ActiveCfg = Release|Any CPU
		{553DC57E-7E24-4DCA-A172-F1CC5D85C6DF}.Release|x86.Build.0 = Release|Any CPU
		{553DC57E-7E24-4DCA-A172-F1CC5D85C6DF}.Release|x86.Deploy.0 = Release|Any CPU
	EndGlobalSection
	GlobalSection(SolutionProperties) = preSolution
		HideSolutionNode = FALSE
	EndGlobalSection
	GlobalSection(ExtensibilityGlobals) = postSolution
		SolutionGuid = {A1B989CE-3D1B-4E70-82BF-ADE81B71E815}
	EndGlobalSection
EndGlobal
